
Microsoft Visual Studio Solution File, Format Version 12.00
# Visual Studio Version 17
VisualStudioVersion = 17.14.36212.18 d17.14
MinimumVisualStudioVersion = 10.0.40219.1
Project("{FAE04EC0-301F-11D3-BF4B-00C04F79EFBC}") = "EnvioMasivoEmail_MVC", "EnvioMasivoEmail_MVC\EnvioMasivoEmail_MVC.csproj", "{1FE5BE61-6948-46A0-BF3C-2FFEA2CBC7CA}"
EndProject
Project("{FAE04EC0-301F-11D3-BF4B-00C04F79EFBC}") = "Servicios", "Servicios\Servicios.csproj", "{F3A4C434-1BAB-42E6-8D7C-27756D6CE48B}"
EndProject
Global
	GlobalSection(SolutionConfigurationPlatforms) = preSolution
		Debug|Any CPU = Debug|Any CPU
		Release|Any CPU = Release|Any CPU
	EndGlobalSection
	GlobalSection(ProjectConfigurationPlatforms) = postSolution
		{1FE5BE61-6948-46A0-BF3C-2FFEA2CBC7CA}.Debug|Any CPU.ActiveCfg = Debug|Any CPU
		{1FE5BE61-6948-46A0-BF3C-2FFEA2CBC7CA}.Debug|Any CPU.Build.0 = Debug|Any CPU
		{1FE5BE61-6948-46A0-BF3C-2FFEA2CBC7CA}.Release|Any CPU.ActiveCfg = Release|Any CPU
		{1FE5BE61-6948-46A0-BF3C-2FFEA2CBC7CA}.Release|Any CPU.Build.0 = Release|Any CPU
		{F3A4C434-1BAB-42E6-8D7C-27756D6CE48B}.Debug|Any CPU.ActiveCfg = Debug|Any CPU
		{F3A4C434-1BAB-42E6-8D7C-27756D6CE48B}.Debug|Any CPU.Build.0 = Debug|Any CPU
		{F3A4C434-1BAB-42E6-8D7C-27756D6CE48B}.Release|Any CPU.ActiveCfg = Release|Any CPU
		{F3A4C434-1BAB-42E6-8D7C-27756D6CE48B}.Release|Any CPU.Build.0 = Release|Any CPU
	EndGlobalSection
	GlobalSection(SolutionProperties) = preSolution
		HideSolutionNode = FALSE
	EndGlobalSection
	GlobalSection(ExtensibilityGlobals) = postSolution
		SolutionGuid = {129FD9B8-BD29-4CE9-82A8-921E6098376B}
	EndGlobalSection
EndGlobal
